
Microsoft Visual Studio Solution File, Format Version 12.00
# Visual Studio Version 17
VisualStudioVersion = 17.0.31410.414
MinimumVisualStudioVersion = 10.0.40219.1
Project("{FAE04EC0-301F-11D3-BF4B-00C04F79EFBC}") = "asana-api-test", "asana-api-test\asana-api-test.csproj", "{4425ABE5-7D3D-406D-B092-D6EDEFDFB72D}"
EndProject
Global
	GlobalSection(SolutionConfigurationPlatforms) = preSolution
		Debug|Any CPU = Debug|Any CPU
		Release|Any CPU = Release|Any CPU
	EndGlobalSection
	GlobalSection(ProjectConfigurationPlatforms) = postSolution
		{4425ABE5-7D3D-406D-B092-D6EDEFDFB72D}.Debug|Any CPU.ActiveCfg = Debug|Any CPU
		{4425ABE5-7D3D-406D-B092-D6EDEFDFB72D}.Debug|Any CPU.Build.0 = Debug|Any CPU
		{4425ABE5-7D3D-406D-B092-D6EDEFDFB72D}.Release|Any CPU.ActiveCfg = Release|Any CPU
		{4425ABE5-7D3D-406D-B092-D6EDEFDFB72D}.Release|Any CPU.Build.0 = Release|Any CPU
	EndGlobalSection
	GlobalSection(SolutionProperties) = preSolution
		HideSolutionNode = FALSE
	EndGlobalSection
	GlobalSection(ExtensibilityGlobals) = postSolution
		SolutionGuid = {CAFE827D-8779-4114-B47A-9F61D2D174BD}
	EndGlobalSection
EndGlobal
